
Microsoft Visual Studio Solution File, Format Version 12.00
# Visual Studio 15
VisualStudioVersion = 15.0.25807.0
MinimumVisualStudioVersion = 10.0.40219.1
Project("{2150E333-8FDC-42A3-9474-1A3956D46DE8}") = "Engine", "Engine", "{19EDD527-B0AD-4717-8139-2EC1185F53E6}"
EndProject
Project("{2150E333-8FDC-42A3-9474-1A3956D46DE8}") = "Games", "Games", "{726996FA-A7D6-4E0E-9EEA-CF4DA362C3C8}"
EndProject
Project("{8BC9CEB8-8B4A-11D0-8D11-00A0C91BC942}") = "UE4", "Intermediate\ProjectFiles\UE4.vcxproj", "{8B71D65D-28C4-45AD-8EB8-1FEA9A0CEAEF}"
EndProject
Project("{8BC9CEB8-8B4A-11D0-8D11-00A0C91BC942}") = "E2EE", "Intermediate\ProjectFiles\E2EE.vcxproj", "{05BC554F-3791-4096-BF91-D3E7D6054B83}"
EndProject
Project("{2150E333-8FDC-42A3-9474-1A3956D46DE8}") = "Visualizers", "Visualizers", "{B0A4009F-5D56-42EC-ABAA-34FDBA4012D7}"
	ProjectSection(SolutionItems) = preProject
		..\..\..\..\..\Program Files\Epic Games\UE_4.21\Engine\Extras\VisualStudioDebugging\UE4.natvis = ..\..\..\..\..\Program Files\Epic Games\UE_4.21\Engine\Extras\VisualStudioDebugging\UE4.natvis
	EndProjectSection
EndProject
Global
	GlobalSection(SolutionConfigurationPlatforms) = preSolution
		DebugGame Editor|Win32 = DebugGame Editor|Win32
		DebugGame Editor|Win64 = DebugGame Editor|Win64
		DebugGame|Win32 = DebugGame|Win32
		DebugGame|Win64 = DebugGame|Win64
		Development Editor|Win32 = Development Editor|Win32
		Development Editor|Win64 = Development Editor|Win64
		Development|Win32 = Development|Win32
		Development|Win64 = Development|Win64
		Shipping|Win32 = Shipping|Win32
		Shipping|Win64 = Shipping|Win64
	EndGlobalSection
	GlobalSection(ProjectConfigurationPlatforms) = postSolution
		{8B71D65D-28C4-45AD-8EB8-1FEA9A0CEAEF}.DebugGame Editor|Win32.ActiveCfg = BuiltWithUnrealBuildTool|Win32
		{8B71D65D-28C4-45AD-8EB8-1FEA9A0CEAEF}.DebugGame Editor|Win64.ActiveCfg = BuiltWithUnrealBuildTool|Win32
		{8B71D65D-28C4-45AD-8EB8-1FEA9A0CEAEF}.DebugGame|Win32.ActiveCfg = BuiltWithUnrealBuildTool|Win32
		{8B71D65D-28C4-45AD-8EB8-1FEA9A0CEAEF}.DebugGame|Win64.ActiveCfg = BuiltWithUnrealBuildTool|Win32
		{8B71D65D-28C4-45AD-8EB8-1FEA9A0CEAEF}.Development Editor|Win32.ActiveCfg = BuiltWithUnrealBuildTool|Win32
		{8B71D65D-28C4-45AD-8EB8-1FEA9A0CEAEF}.Development Editor|Win64.ActiveCfg = BuiltWithUnrealBuildTool|Win32
		{8B71D65D-28C4-45AD-8EB8-1FEA9A0CEAEF}.Development|Win32.ActiveCfg = BuiltWithUnrealBuildTool|Win32
		{8B71D65D-28C4-45AD-8EB8-1FEA9A0CEAEF}.Development|Win64.ActiveCfg = BuiltWithUnrealBuildTool|Win32
		{8B71D65D-28C4-45AD-8EB8-1FEA9A0CEAEF}.Shipping|Win32.ActiveCfg = BuiltWithUnrealBuildTool|Win32
		{8B71D65D-28C4-45AD-8EB8-1FEA9A0CEAEF}.Shipping|Win64.ActiveCfg = BuiltWithUnrealBuildTool|Win32
		{05BC554F-3791-4096-BF91-D3E7D6054B83}.DebugGame Editor|Win32.ActiveCfg = Invalid|Win32
		{05BC554F-3791-4096-BF91-D3E7D6054B83}.DebugGame Editor|Win64.ActiveCfg = DebugGame_Editor|x64
		{05BC554F-3791-4096-BF91-D3E7D6054B83}.DebugGame Editor|Win64.Build.0 = DebugGame_Editor|x64
		{05BC554F-3791-4096-BF91-D3E7D6054B83}.DebugGame|Win32.ActiveCfg = DebugGame|Win32
		{05BC554F-3791-4096-BF91-D3E7D6054B83}.DebugGame|Win32.Build.0 = DebugGame|Win32
		{05BC554F-3791-4096-BF91-D3E7D6054B83}.DebugGame|Win64.ActiveCfg = DebugGame|x64
		{05BC554F-3791-4096-BF91-D3E7D6054B83}.DebugGame|Win64.Build.0 = DebugGame|x64
		{05BC554F-3791-4096-BF91-D3E7D6054B83}.Development Editor|Win32.ActiveCfg = Invalid|Win32
		{05BC554F-3791-4096-BF91-D3E7D6054B83}.Development Editor|Win64.ActiveCfg = Development_Editor|x64
		{05BC554F-3791-4096-BF91-D3E7D6054B83}.Development Editor|Win64.Build.0 = Development_Editor|x64
		{05BC554F-3791-4096-BF91-D3E7D6054B83}.Development|Win32.ActiveCfg = Development|Win32
		{05BC554F-3791-4096-BF91-D3E7D6054B83}.Development|Win32.Build.0 = Development|Win32
		{05BC554F-3791-4096-BF91-D3E7D6054B83}.Development|Win64.ActiveCfg = Development|x64
		{05BC554F-3791-4096-BF91-D3E7D6054B83}.Development|Win64.Build.0 = Development|x64
		{05BC554F-3791-4096-BF91-D3E7D6054B83}.Shipping|Win32.ActiveCfg = Shipping|Win32
		{05BC554F-3791-4096-BF91-D3E7D6054B83}.Shipping|Win32.Build.0 = Shipping|Win32
		{05BC554F-3791-4096-BF91-D3E7D6054B83}.Shipping|Win64.ActiveCfg = Shipping|x64
		{05BC554F-3791-4096-BF91-D3E7D6054B83}.Shipping|Win64.Build.0 = Shipping|x64
	EndGlobalSection
	GlobalSection(SolutionProperties) = preSolution
		HideSolutionNode = FALSE
	EndGlobalSection
	GlobalSection(NestedProjects) = preSolution
		{8B71D65D-28C4-45AD-8EB8-1FEA9A0CEAEF} = {19EDD527-B0AD-4717-8139-2EC1185F53E6}
		{05BC554F-3791-4096-BF91-D3E7D6054B83} = {726996FA-A7D6-4E0E-9EEA-CF4DA362C3C8}
	EndGlobalSection
EndGlobal
