
Microsoft Visual Studio Solution File, Format Version 12.00
# Visual Studio Version 16
VisualStudioVersion = 16.0.28315.86
MinimumVisualStudioVersion = 10.0.40219.1
Project("{2150E333-8FDC-42A3-9474-1A3956D46DE8}") = "Engine", "Engine", "{3A8CF17F-9890-4AD7-BC79-2CF154C707D8}"
EndProject
Project("{2150E333-8FDC-42A3-9474-1A3956D46DE8}") = "Games", "Games", "{D99E0839-4A26-4C1F-AFEC-9FBFCFC357F2}"
EndProject
Project("{8BC9CEB8-8B4A-11D0-8D11-00A0C91BC942}") = "UE4", "Intermediate\ProjectFiles\UE4.vcxproj", "{D7B8A4F0-7966-4D1E-BDAA-22872A7B3585}"
EndProject
Project("{8BC9CEB8-8B4A-11D0-8D11-00A0C91BC942}") = "E2EE", "Intermediate\ProjectFiles\E2EE.vcxproj", "{EC760879-BB5B-4551-AAC3-855C547D545F}"
EndProject
Project("{2150E333-8FDC-42A3-9474-1A3956D46DE8}") = "Visualizers", "Visualizers", "{12431A0A-C583-415D-94F4-24F081619A52}"
	ProjectSection(SolutionItems) = preProject
		..\..\..\..\..\Program Files\Epic Games\UE_4.23\Engine\Extras\VisualStudioDebugging\UE4.natvis = ..\..\..\..\..\Program Files\Epic Games\UE_4.23\Engine\Extras\VisualStudioDebugging\UE4.natvis
	EndProjectSection
EndProject
Global
	GlobalSection(SolutionConfigurationPlatforms) = preSolution
		DebugGame Editor|Win32 = DebugGame Editor|Win32
		DebugGame Editor|Win64 = DebugGame Editor|Win64
		DebugGame|Win32 = DebugGame|Win32
		DebugGame|Win64 = DebugGame|Win64
		Development Editor|Win32 = Development Editor|Win32
		Development Editor|Win64 = Development Editor|Win64
		Development|Win32 = Development|Win32
		Development|Win64 = Development|Win64
		Shipping|Win32 = Shipping|Win32
		Shipping|Win64 = Shipping|Win64
	EndGlobalSection
	GlobalSection(ProjectConfigurationPlatforms) = postSolution
		{D7B8A4F0-7966-4D1E-BDAA-22872A7B3585}.DebugGame Editor|Win32.ActiveCfg = BuiltWithUnrealBuildTool|Win32
		{D7B8A4F0-7966-4D1E-BDAA-22872A7B3585}.DebugGame Editor|Win64.ActiveCfg = BuiltWithUnrealBuildTool|Win32
		{D7B8A4F0-7966-4D1E-BDAA-22872A7B3585}.DebugGame|Win32.ActiveCfg = BuiltWithUnrealBuildTool|Win32
		{D7B8A4F0-7966-4D1E-BDAA-22872A7B3585}.DebugGame|Win64.ActiveCfg = BuiltWithUnrealBuildTool|Win32
		{D7B8A4F0-7966-4D1E-BDAA-22872A7B3585}.Development Editor|Win32.ActiveCfg = BuiltWithUnrealBuildTool|Win32
		{D7B8A4F0-7966-4D1E-BDAA-22872A7B3585}.Development Editor|Win64.ActiveCfg = BuiltWithUnrealBuildTool|Win32
		{D7B8A4F0-7966-4D1E-BDAA-22872A7B3585}.Development|Win32.ActiveCfg = BuiltWithUnrealBuildTool|Win32
		{D7B8A4F0-7966-4D1E-BDAA-22872A7B3585}.Development|Win64.ActiveCfg = BuiltWithUnrealBuildTool|Win32
		{D7B8A4F0-7966-4D1E-BDAA-22872A7B3585}.Shipping|Win32.ActiveCfg = BuiltWithUnrealBuildTool|Win32
		{D7B8A4F0-7966-4D1E-BDAA-22872A7B3585}.Shipping|Win64.ActiveCfg = BuiltWithUnrealBuildTool|Win32
		{EC760879-BB5B-4551-AAC3-855C547D545F}.DebugGame Editor|Win32.ActiveCfg = Invalid|Win32
		{EC760879-BB5B-4551-AAC3-855C547D545F}.DebugGame Editor|Win64.ActiveCfg = DebugGame_Editor|x64
		{EC760879-BB5B-4551-AAC3-855C547D545F}.DebugGame Editor|Win64.Build.0 = DebugGame_Editor|x64
		{EC760879-BB5B-4551-AAC3-855C547D545F}.DebugGame|Win32.ActiveCfg = DebugGame|Win32
		{EC760879-BB5B-4551-AAC3-855C547D545F}.DebugGame|Win32.Build.0 = DebugGame|Win32
		{EC760879-BB5B-4551-AAC3-855C547D545F}.DebugGame|Win64.ActiveCfg = DebugGame|x64
		{EC760879-BB5B-4551-AAC3-855C547D545F}.DebugGame|Win64.Build.0 = DebugGame|x64
		{EC760879-BB5B-4551-AAC3-855C547D545F}.Development Editor|Win32.ActiveCfg = Invalid|Win32
		{EC760879-BB5B-4551-AAC3-855C547D545F}.Development Editor|Win64.ActiveCfg = Development_Editor|x64
		{EC760879-BB5B-4551-AAC3-855C547D545F}.Development Editor|Win64.Build.0 = Development_Editor|x64
		{EC760879-BB5B-4551-AAC3-855C547D545F}.Development|Win32.ActiveCfg = Development|Win32
		{EC760879-BB5B-4551-AAC3-855C547D545F}.Development|Win32.Build.0 = Development|Win32
		{EC760879-BB5B-4551-AAC3-855C547D545F}.Development|Win64.ActiveCfg = Development|x64
		{EC760879-BB5B-4551-AAC3-855C547D545F}.Development|Win64.Build.0 = Development|x64
		{EC760879-BB5B-4551-AAC3-855C547D545F}.Shipping|Win32.ActiveCfg = Shipping|Win32
		{EC760879-BB5B-4551-AAC3-855C547D545F}.Shipping|Win32.Build.0 = Shipping|Win32
		{EC760879-BB5B-4551-AAC3-855C547D545F}.Shipping|Win64.ActiveCfg = Shipping|x64
		{EC760879-BB5B-4551-AAC3-855C547D545F}.Shipping|Win64.Build.0 = Shipping|x64
	EndGlobalSection
	GlobalSection(SolutionProperties) = preSolution
		HideSolutionNode = FALSE
	EndGlobalSection
	GlobalSection(NestedProjects) = preSolution
		{D7B8A4F0-7966-4D1E-BDAA-22872A7B3585} = {3A8CF17F-9890-4AD7-BC79-2CF154C707D8}
		{EC760879-BB5B-4551-AAC3-855C547D545F} = {D99E0839-4A26-4C1F-AFEC-9FBFCFC357F2}
	EndGlobalSection
EndGlobal
